{
  "originHash" : "7eed0bb14ff48cfcde52f0e2f030c8d76a9d174a2dcb21837de0c5dc5fde2c87",
  "pins" : [
    {
      "identity" : "swift-asn1",
      "kind" : "remoteSourceControl",
      "location" : "https://github.com/apple/swift-asn1.git",
      "state" : {
        "revision" : "810496cf121e525d660cd0ea89a758740476b85f",
        "version" : "1.5.1"
      }
    }
  ],
  "version" : 3
}
